{
  "name": "ep_define",
  "version": "0.0.9",
  "lockfileVersion": 1,
  "requires": true,
  "dependencies": {
    "async": {
      "version": "0.2.10",
      "resolved": "https://registry.npmjs.org/async/-/async-0.2.10.tgz",
      "integrity": "sha1-trvgsGdLnXGXCMo43owjfLUmw9E="
    },
    "wordnet": {
      "version": "0.1.2",
      "resolved": "https://registry.npmjs.org/wordnet/-/wordnet-0.1.2.tgz",
      "integrity": "sha1-Vg5D0o0Op/ctf4H/qXsh4q7rOuU=",
      "requires": {
        "async": "~0.2.9"
      }
    }
  }
}
